
Microsoft Visual Studio Solution File, Format Version 12.00
# Visual Studio Version 16
VisualStudioVersion = 16.0.32126.315
MinimumVisualStudioVersion = 10.0.40219.1
Project("{FAE04EC0-301F-11D3-BF4B-00C04F79EFBC}") = "Abc.Core", "Abc.Core\Abc.Core.csproj", "{7E54C06F-EE69-4D27-A028-CC102832D96F}"
EndProject
Project("{FAE04EC0-301F-11D3-BF4B-00C04F79EFBC}") = "Abc.Northwind.Entities", "Abc.Northwind.Entities\Abc.Northwind.Entities.csproj", "{1F52F490-86EC-4225-969A-A333FEBD5B67}"
EndProject
Project("{FAE04EC0-301F-11D3-BF4B-00C04F79EFBC}") = "Abc.Northwind.Dataaccess", "Abc.Northwind.Dataaccess\Abc.Northwind.Dataaccess.csproj", "{2997D7C5-C4FA-4B70-902A-E8A22278EA5E}"
EndProject
Project("{FAE04EC0-301F-11D3-BF4B-00C04F79EFBC}") = "Abc.Northwind.Business", "Abc.Northwind.Business\Abc.Northwind.Business.csproj", "{91248851-A360-449E-A4F1-67BD98F1597B}"
EndProject
Project("{FAE04EC0-301F-11D3-BF4B-00C04F79EFBC}") = "Abc.Nortwind.McvWebUI", "Abc.Nortwind.McvWebUI\Abc.Nortwind.McvWebUI.csproj", "{9C43E7AA-7091-4AB4-9F65-5C9764057CE3}"
EndProject
Global
	GlobalSection(SolutionConfigurationPlatforms) = preSolution
		Debug|Any CPU = Debug|Any CPU
		Release|Any CPU = Release|Any CPU
	EndGlobalSection
	GlobalSection(ProjectConfigurationPlatforms) = postSolution
		{7E54C06F-EE69-4D27-A028-CC102832D96F}.Debug|Any CPU.ActiveCfg = Debug|Any CPU
		{7E54C06F-EE69-4D27-A028-CC102832D96F}.Debug|Any CPU.Build.0 = Debug|Any CPU
		{7E54C06F-EE69-4D27-A028-CC102832D96F}.Release|Any CPU.ActiveCfg = Release|Any CPU
		{7E54C06F-EE69-4D27-A028-CC102832D96F}.Release|Any CPU.Build.0 = Release|Any CPU
		{1F52F490-86EC-4225-969A-A333FEBD5B67}.Debug|Any CPU.ActiveCfg = Debug|Any CPU
		{1F52F490-86EC-4225-969A-A333FEBD5B67}.Debug|Any CPU.Build.0 = Debug|Any CPU
		{1F52F490-86EC-4225-969A-A333FEBD5B67}.Release|Any CPU.ActiveCfg = Release|Any CPU
		{1F52F490-86EC-4225-969A-A333FEBD5B67}.Release|Any CPU.Build.0 = Release|Any CPU
		{2997D7C5-C4FA-4B70-902A-E8A22278EA5E}.Debug|Any CPU.ActiveCfg = Debug|Any CPU
		{2997D7C5-C4FA-4B70-902A-E8A22278EA5E}.Debug|Any CPU.Build.0 = Debug|Any CPU
		{2997D7C5-C4FA-4B70-902A-E8A22278EA5E}.Release|Any CPU.ActiveCfg = Release|Any CPU
		{2997D7C5-C4FA-4B70-902A-E8A22278EA5E}.Release|Any CPU.Build.0 = Release|Any CPU
		{91248851-A360-449E-A4F1-67BD98F1597B}.Debug|Any CPU.ActiveCfg = Debug|Any CPU
		{91248851-A360-449E-A4F1-67BD98F1597B}.Debug|Any CPU.Build.0 = Debug|Any CPU
		{91248851-A360-449E-A4F1-67BD98F1597B}.Release|Any CPU.ActiveCfg = Release|Any CPU
		{91248851-A360-449E-A4F1-67BD98F1597B}.Release|Any CPU.Build.0 = Release|Any CPU
		{9C43E7AA-7091-4AB4-9F65-5C9764057CE3}.Debug|Any CPU.ActiveCfg = Debug|Any CPU
		{9C43E7AA-7091-4AB4-9F65-5C9764057CE3}.Debug|Any CPU.Build.0 = Debug|Any CPU
		{9C43E7AA-7091-4AB4-9F65-5C9764057CE3}.Release|Any CPU.ActiveCfg = Release|Any CPU
		{9C43E7AA-7091-4AB4-9F65-5C9764057CE3}.Release|Any CPU.Build.0 = Release|Any CPU
	EndGlobalSection
	GlobalSection(SolutionProperties) = preSolution
		HideSolutionNode = FALSE
	EndGlobalSection
	GlobalSection(ExtensibilityGlobals) = postSolution
		SolutionGuid = {85BA1B6F-E483-403D-85CC-30BA1F8DA1AC}
	EndGlobalSection
EndGlobal
